{
  "version": 4,
  "terraform_version": "0.12.19",
  "serial": 7,
  "lineage": "8f075d19-fb98-880e-f9a0-ebf88d1b0bc6",
  "outputs": {},
  "resources": [
    {
      "mode": "managed",
      "type": "azurerm_network_interface",
      "name": "main",
      "provider": "provider.azurerm",
      "instances": [
        {
          "schema_version": 0,
          "attributes": {
            "applied_dns_servers": [],
            "dns_servers": [],
            "enable_accelerated_networking": false,
            "enable_ip_forwarding": false,
            "id": "/subscriptions/d8c5e4e4-b1a5-4c78-a2ae-b9eaf2f75183/resourceGroups/tejit-terraform/providers/Microsoft.Network/networkInterfaces/tejit-nic",
            "internal_dns_name_label": "",
            "internal_fqdn": "",
            "ip_configuration": [
              {
                "application_gateway_backend_address_pools_ids": [],
                "application_security_group_ids": [],
                "load_balancer_backend_address_pools_ids": [],
                "load_balancer_inbound_nat_rules_ids": [],
                "name": "testconfiguration1",
                "primary": true,
                "private_ip_address": "10.0.2.4",
                "private_ip_address_allocation": "dynamic",
                "private_ip_address_version": "IPv4",
                "public_ip_address_id": "",
                "subnet_id": "/subscriptions/d8c5e4e4-b1a5-4c78-a2ae-b9eaf2f75183/resourceGroups/tejit-terraform/providers/Microsoft.Network/virtualNetworks/tejit-network/subnets/internal"
              }
            ],
            "location": "eastus",
            "mac_address": "",
            "name": "tejit-nic",
            "network_security_group_id": "",
            "private_ip_address": "10.0.2.4",
            "private_ip_addresses": [
              "10.0.2.4"
            ],
            "resource_group_name": "tejit-terraform",
            "tags": {},
            "virtual_machine_id": null
          },
          "private": "bnVsbA==",
          "dependencies": [
            "azurerm_resource_group.resource_gp",
            "azurerm_subnet.internal",
            "azurerm_virtual_network.main"
          ]
        }
      ]
    },
    {
      "mode": "managed",
      "type": "azurerm_resource_group",
      "name": "resource_gp",
      "provider": "provider.azurerm",
      "instances": [
        {
          "schema_version": 0,
          "attributes": {
            "id": "/subscriptions/d8c5e4e4-b1a5-4c78-a2ae-b9eaf2f75183/resourceGroups/tejit-terraform",
            "location": "eastus",
            "name": "tejit-terraform",
            "tags": {
              "Owner": "Tejit Shah"
            }
          },
          "private": "bnVsbA=="
        }
      ]
    },
    {
      "mode": "managed",
      "type": "azurerm_subnet",
      "name": "internal",
      "provider": "provider.azurerm",
      "instances": [
        {
          "schema_version": 0,
          "attributes": {
            "address_prefix": "10.0.2.0/24",
            "delegation": [],
            "enforce_private_link_endpoint_network_policies": false,
            "enforce_private_link_service_network_policies": false,
            "id": "/subscriptions/d8c5e4e4-b1a5-4c78-a2ae-b9eaf2f75183/resourceGroups/tejit-terraform/providers/Microsoft.Network/virtualNetworks/tejit-network/subnets/internal",
            "ip_configurations": [],
            "name": "internal",
            "network_security_group_id": "",
            "resource_group_name": "tejit-terraform",
            "route_table_id": "",
            "service_endpoints": null,
            "virtual_network_name": "tejit-network"
          },
          "private": "bnVsbA==",
          "dependencies": [
            "azurerm_resource_group.resource_gp",
            "azurerm_virtual_network.main"
          ]
        }
      ]
    },
    {
      "mode": "managed",
      "type": "azurerm_virtual_network",
      "name": "main",
      "provider": "provider.azurerm",
      "instances": [
        {
          "schema_version": 0,
          "attributes": {
            "address_space": [
              "10.0.0.0/16"
            ],
            "ddos_protection_plan": [],
            "dns_servers": null,
            "id": "/subscriptions/d8c5e4e4-b1a5-4c78-a2ae-b9eaf2f75183/resourceGroups/tejit-terraform/providers/Microsoft.Network/virtualNetworks/tejit-network",
            "location": "eastus",
            "name": "tejit-network",
            "resource_group_name": "tejit-terraform",
            "subnet": [],
            "tags": {}
          },
          "private": "bnVsbA==",
          "dependencies": [
            "azurerm_resource_group.resource_gp"
          ]
        }
      ]
    }
  ]
}
